github.com/alfarih31/nb-go-env v1.0.4 h1:jIrQUsunn9uUMecqHQaK1lMJ3XgEqa420HQSJkUkTlg=
github.com/alfarih31/nb-go-env v1.0.4/go.mod h1:oPDLWPYpw2X/NVLoJfhr5KzZ3Wy+UPxKktOBIk7TL5s=
github.com/alfarih31/nb-go-parser v1.0.11 h1:jW+pU/UH1pBwP/HSavsGhsVmIzEDS6cvmLiAAheKaao=
github.com/alfarih31/nb-go-parser v1.0.11/go.mod h1:0+2qf5oT5sEy4qyNxY/ewsREpHtUYfis3/bERolDFGI=
github.com/joho/godotenv v1.5.1 h1:7eLL/+HRGLY0ldzfGMeQkb7vMd0as4CfYvUVzLqw0N0=
github.com/joho/godotenv v1.5.1/go.mod h1:f4LDr5Voq0i2e/R5DDNOoa2zzDfwtkZa6DnEwAbqwq4=
github.com/lib/pq v1.10.9 h1:YXG7RB+JIjhP29X+OtkiDnYaXQwpS4JEWq7dtCCRUEw=
github.com/lib/pq v1.10.9/go.mod h1:AlVN5x4E4T544tWzH6hKfbfQvm3HdbOxrmggDNAPY9o=
